
Microsoft Visual Studio Solution File, Format Version 12.00
# Visual Studio Version 17
VisualStudioVersion = 17.4.33205.214
MinimumVisualStudioVersion = 10.0.40219.1
Project("{FAE04EC0-301F-11D3-BF4B-00C04F79EFBC}") = "THA_W3_Livanty_ED", "THA_W3_Livanty_ED\THA_W3_Livanty_ED.csproj", "{6C5358F8-A5E0-482C-8B3D-6084B5F79A19}"
EndProject
Global
	GlobalSection(SolutionConfigurationPlatforms) = preSolution
		Debug|Any CPU = Debug|Any CPU
		Release|Any CPU = Release|Any CPU
	EndGlobalSection
	GlobalSection(ProjectConfigurationPlatforms) = postSolution
		{6C5358F8-A5E0-482C-8B3D-6084B5F79A19}.Debug|Any CPU.ActiveCfg = Debug|Any CPU
		{6C5358F8-A5E0-482C-8B3D-6084B5F79A19}.Debug|Any CPU.Build.0 = Debug|Any CPU
		{6C5358F8-A5E0-482C-8B3D-6084B5F79A19}.Release|Any CPU.ActiveCfg = Release|Any CPU
		{6C5358F8-A5E0-482C-8B3D-6084B5F79A19}.Release|Any CPU.Build.0 = Release|Any CPU
	EndGlobalSection
	GlobalSection(SolutionProperties) = preSolution
		HideSolutionNode = FALSE
	EndGlobalSection
	GlobalSection(ExtensibilityGlobals) = postSolution
		SolutionGuid = {42F8015A-9F2E-4EA3-8A76-C39CDD28B31E}
	EndGlobalSection
EndGlobal
