
Microsoft Visual Studio Solution File, Format Version 12.00
# Visual Studio Version 17
VisualStudioVersion = 17.4.33205.214
MinimumVisualStudioVersion = 10.0.40219.1
Project("{FAE04EC0-301F-11D3-BF4B-00C04F79EFBC}") = "THA_W3_Livanty_ED_W3", "THA_W3_Livanty_ED_W3\THA_W3_Livanty_ED_W3.csproj", "{FEF7B8BB-0757-4701-8728-94BF8C5E3FDB}"
EndProject
Global
	GlobalSection(SolutionConfigurationPlatforms) = preSolution
		Debug|Any CPU = Debug|Any CPU
		Release|Any CPU = Release|Any CPU
	EndGlobalSection
	GlobalSection(ProjectConfigurationPlatforms) = postSolution
		{FEF7B8BB-0757-4701-8728-94BF8C5E3FDB}.Debug|Any CPU.ActiveCfg = Debug|Any CPU
		{FEF7B8BB-0757-4701-8728-94BF8C5E3FDB}.Debug|Any CPU.Build.0 = Debug|Any CPU
		{FEF7B8BB-0757-4701-8728-94BF8C5E3FDB}.Release|Any CPU.ActiveCfg = Release|Any CPU
		{FEF7B8BB-0757-4701-8728-94BF8C5E3FDB}.Release|Any CPU.Build.0 = Release|Any CPU
	EndGlobalSection
	GlobalSection(SolutionProperties) = preSolution
		HideSolutionNode = FALSE
	EndGlobalSection
	GlobalSection(ExtensibilityGlobals) = postSolution
		SolutionGuid = {BB230246-64B3-4B89-9E3C-8E99104B00FD}
	EndGlobalSection
EndGlobal
