
Microsoft Visual Studio Solution File, Format Version 12.00
# Visual Studio Version 17
VisualStudioVersion = 17.4.33205.214
MinimumVisualStudioVersion = 10.0.40219.1
Project("{FAE04EC0-301F-11D3-BF4B-00C04F79EFBC}") = "CA_W7_Latihan", "CA_W7_Latihan\CA_W7_Latihan.csproj", "{163C2AA5-F60A-4E82-B68E-183D87CAB24A}"
EndProject
Global
	GlobalSection(SolutionConfigurationPlatforms) = preSolution
		Debug|Any CPU = Debug|Any CPU
		Release|Any CPU = Release|Any CPU
	EndGlobalSection
	GlobalSection(ProjectConfigurationPlatforms) = postSolution
		{163C2AA5-F60A-4E82-B68E-183D87CAB24A}.Debug|Any CPU.ActiveCfg = Debug|Any CPU
		{163C2AA5-F60A-4E82-B68E-183D87CAB24A}.Debug|Any CPU.Build.0 = Debug|Any CPU
		{163C2AA5-F60A-4E82-B68E-183D87CAB24A}.Release|Any CPU.ActiveCfg = Release|Any CPU
		{163C2AA5-F60A-4E82-B68E-183D87CAB24A}.Release|Any CPU.Build.0 = Release|Any CPU
	EndGlobalSection
	GlobalSection(SolutionProperties) = preSolution
		HideSolutionNode = FALSE
	EndGlobalSection
	GlobalSection(ExtensibilityGlobals) = postSolution
		SolutionGuid = {99E9EE8C-F4BC-409F-AC09-EBE0B9CAE0FE}
	EndGlobalSection
EndGlobal
