
Microsoft Visual Studio Solution File, Format Version 12.00
# Visual Studio Version 17
VisualStudioVersion = 17.4.33205.214
MinimumVisualStudioVersion = 10.0.40219.1
Project("{FAE04EC0-301F-11D3-BF4B-00C04F79EFBC}") = "THA_W6", "THA_W6\THA_W6.csproj", "{4D16CEAF-FB46-406E-A74E-D106498A3573}"
EndProject
Global
	GlobalSection(SolutionConfigurationPlatforms) = preSolution
		Debug|Any CPU = Debug|Any CPU
		Release|Any CPU = Release|Any CPU
	EndGlobalSection
	GlobalSection(ProjectConfigurationPlatforms) = postSolution
		{4D16CEAF-FB46-406E-A74E-D106498A3573}.Debug|Any CPU.ActiveCfg = Debug|Any CPU
		{4D16CEAF-FB46-406E-A74E-D106498A3573}.Debug|Any CPU.Build.0 = Debug|Any CPU
		{4D16CEAF-FB46-406E-A74E-D106498A3573}.Release|Any CPU.ActiveCfg = Release|Any CPU
		{4D16CEAF-FB46-406E-A74E-D106498A3573}.Release|Any CPU.Build.0 = Release|Any CPU
	EndGlobalSection
	GlobalSection(SolutionProperties) = preSolution
		HideSolutionNode = FALSE
	EndGlobalSection
	GlobalSection(ExtensibilityGlobals) = postSolution
		SolutionGuid = {A7C39D04-91C3-44DA-B6CE-AEB861E9208D}
	EndGlobalSection
EndGlobal
