
Microsoft Visual Studio Solution File, Format Version 12.00
# Visual Studio Version 17
VisualStudioVersion = 17.4.33205.214
MinimumVisualStudioVersion = 10.0.40219.1
Project("{FAE04EC0-301F-11D3-BF4B-00C04F79EFBC}") = "THA_W8_Lvanty_ED", "THA_W8_Lvanty_ED\THA_W8_Lvanty_ED.csproj", "{FDCB2734-20B1-4679-B8A8-CA203670951B}"
EndProject
Global
	GlobalSection(SolutionConfigurationPlatforms) = preSolution
		Debug|Any CPU = Debug|Any CPU
		Release|Any CPU = Release|Any CPU
	EndGlobalSection
	GlobalSection(ProjectConfigurationPlatforms) = postSolution
		{FDCB2734-20B1-4679-B8A8-CA203670951B}.Debug|Any CPU.ActiveCfg = Debug|Any CPU
		{FDCB2734-20B1-4679-B8A8-CA203670951B}.Debug|Any CPU.Build.0 = Debug|Any CPU
		{FDCB2734-20B1-4679-B8A8-CA203670951B}.Release|Any CPU.ActiveCfg = Release|Any CPU
		{FDCB2734-20B1-4679-B8A8-CA203670951B}.Release|Any CPU.Build.0 = Release|Any CPU
	EndGlobalSection
	GlobalSection(SolutionProperties) = preSolution
		HideSolutionNode = FALSE
	EndGlobalSection
	GlobalSection(ExtensibilityGlobals) = postSolution
		SolutionGuid = {3CDFB0D5-A03D-490F-84F8-33E0591A0FA8}
	EndGlobalSection
EndGlobal
